{
  "name": "cli-wallpaper",
  "version": "1.0.0",
  "lockfileVersion": 3,
  "requires": true,
  "packages": {
    "": {
      "name": "cli-wallpaper",
      "version": "1.0.0",
      "license": "MIT",
      "bin": {
        "cli-wallpaper": "terminal_basics.js"
      },
      "engines": {
        "node": ">=14"
      }
    }
  }
}
